
Microsoft Visual Studio Solution File, Format Version 12.00
# Visual Studio 14
VisualStudioVersion = 14.0.25123.0
MinimumVisualStudioVersion = 10.0.40219.1
Project("{FAE04EC0-301F-11D3-BF4B-00C04F79EFBC}") = "NBWebExplorerWebKit", "NBWebExplorerWebKit\NBWebExplorerWebKit.csproj", "{263F2DCB-51F5-4B72-8BA9-C34B70707635}"
EndProject
Global
	GlobalSection(SolutionConfigurationPlatforms) = preSolution
		Debug (x86)|Any CPU = Debug (x86)|Any CPU
		Release (x86)|Any CPU = Release (x86)|Any CPU
	EndGlobalSection
	GlobalSection(ProjectConfigurationPlatforms) = postSolution
		{263F2DCB-51F5-4B72-8BA9-C34B70707635}.Debug (x86)|Any CPU.ActiveCfg = Debug (x86)|Any CPU
		{263F2DCB-51F5-4B72-8BA9-C34B70707635}.Debug (x86)|Any CPU.Build.0 = Debug (x86)|Any CPU
		{263F2DCB-51F5-4B72-8BA9-C34B70707635}.Release (x86)|Any CPU.ActiveCfg = Release (x86)|Any CPU
		{263F2DCB-51F5-4B72-8BA9-C34B70707635}.Release (x86)|Any CPU.Build.0 = Release (x86)|Any CPU
	EndGlobalSection
	GlobalSection(SolutionProperties) = preSolution
		HideSolutionNode = FALSE
	EndGlobalSection
EndGlobal
